{
  "name": "ecosync",
  "version": "0.0.0-alpha-0",
  "lockfileVersion": 3,
  "requires": true,
  "packages": {
    "": {
      "name": "ecosync",
      "version": "0.0.0-alpha-0",
      "workspaces": [
        "packages/*"
      ],
      "dependencies": {
        "clsx": "^2.1.0",
        "kleur": "^4.1.5",
        "lodash": "^4.17.21",
        "next-auth": "^4.24.7",
        "react-hot-toast": "^2.4.1",
        "tailwind-merge": "^2.2.2",
        "uuid": "^9.0.1"
      },
      "devDependencies": {
        "@types/uuid": "^9.0.8",
        "bun-types": "latest",
        "prettier": "^3.2.5",
        "typescript": "^5.0.0"
      }
    },
    "node_modules/@babel/runtime": {
      "version": "7.24.1",
      "license": "MIT",
      "dependencies": {
        "regenerator-runtime": "^0.14.0"
      },
      "engines": {
        "node": ">=6.9.0"
      }
    },
    "node_modules/@cspotcode/source-map-support": {
      "version": "0.8.1",
      "dev": true,
      "license": "MIT",
      "dependencies": {
        "@jridgewell/trace-mapping": "0.3.9"
      },
      "engines": {
        "node": ">=12"
      }
    },
    "node_modules/@cspotcode/source-map-support/node_modules/@jridgewell/trace-mapping": {
      "version": "0.3.9",
      "dev": true,
      "license": "MIT",
      "dependencies": {
        "@jridgewell/resolve-uri": "^3.0.3",
        "@jridgewell/sourcemap-codec": "^1.4.10"
      }
    },
    "node_modules/@ecosync/client": {
      "resolved": "packages/client",
      "link": true
    },
    "node_modules/@ecosync/core": {
      "resolved": "packages/core",
      "link": true
    },
    "node_modules/@ecosync/cube": {
      "resolved": "packages/cube",
      "link": true
    },
    "node_modules/@ecosync/db": {
      "resolved": "packages/db",
      "link": true
    },
    "node_modules/@jridgewell/resolve-uri": {
      "version": "3.1.2",
      "dev": true,
      "license": "MIT",
      "engines": {
        "node": ">=6.0.0"
      }
    },
    "node_modules/@jridgewell/sourcemap-codec": {
      "version": "1.4.15",
      "dev": true,
      "license": "MIT"
    },
    "node_modules/@next/env": {
      "version": "14.1.4",
      "license": "MIT",
      "peer": true
    },
    "node_modules/@next/swc-darwin-arm64": {
      "version": "14.1.4",
      "resolved": "https://registry.npmjs.org/@next/swc-darwin-arm64/-/swc-darwin-arm64-14.1.4.tgz",
      "integrity": "sha512-ubmUkbmW65nIAOmoxT1IROZdmmJMmdYvXIe8211send9ZYJu+SqxSnJM4TrPj9wmL6g9Atvj0S/2cFmMSS99jg==",
      "cpu": [
        "arm64"
      ],
      "optional": true,
      "os": [
        "darwin"
      ],
      "peer": true,
      "engines": {
        "node": ">= 10"
      }
    },
    "node_modules/@next/swc-darwin-x64": {
      "version": "14.1.4",
      "resolved": "https://registry.npmjs.org/@next/swc-darwin-x64/-/swc-darwin-x64-14.1.4.tgz",
      "integrity": "sha512-b0Xo1ELj3u7IkZWAKcJPJEhBop117U78l70nfoQGo4xUSvv0PJSTaV4U9xQBLvZlnjsYkc8RwQN1HoH/oQmLlQ==",
      "cpu": [
        "x64"
      ],
      "optional": true,
      "os": [
        "darwin"
      ],
      "peer": true,
      "engines": {
        "node": ">= 10"
      }
    },
    "node_modules/@next/swc-linux-arm64-gnu": {
      "version": "14.1.4",
      "resolved": "https://registry.npmjs.org/@next/swc-linux-arm64-gnu/-/swc-linux-arm64-gnu-14.1.4.tgz",
      "integrity": "sha512-457G0hcLrdYA/u1O2XkRMsDKId5VKe3uKPvrKVOyuARa6nXrdhJOOYU9hkKKyQTMru1B8qEP78IAhf/1XnVqKA==",
      "cpu": [
        "arm64"
      ],
      "optional": true,
      "os": [
        "linux"
      ],
      "peer": true,
      "engines": {
        "node": ">= 10"
      }
    },
    "node_modules/@next/swc-linux-arm64-musl": {
      "version": "14.1.4",
      "resolved": "https://registry.npmjs.org/@next/swc-linux-arm64-musl/-/swc-linux-arm64-musl-14.1.4.tgz",
      "integrity": "sha512-l/kMG+z6MB+fKA9KdtyprkTQ1ihlJcBh66cf0HvqGP+rXBbOXX0dpJatjZbHeunvEHoBBS69GYQG5ry78JMy3g==",
      "cpu": [
        "arm64"
      ],
      "optional": true,
      "os": [
        "linux"
      ],
      "peer": true,
      "engines": {
        "node": ">= 10"
      }
    },
    "node_modules/@next/swc-linux-x64-gnu": {
      "version": "14.1.4",
      "resolved": "https://registry.npmjs.org/@next/swc-linux-x64-gnu/-/swc-linux-x64-gnu-14.1.4.tgz",
      "integrity": "sha512-BapIFZ3ZRnvQ1uWbmqEGJuPT9cgLwvKtxhK/L2t4QYO7l+/DxXuIGjvp1x8rvfa/x1FFSsipERZK70pewbtJtw==",
      "cpu": [
        "x64"
      ],
      "optional": true,
      "os": [
        "linux"
      ],
      "peer": true,
      "engines": {
        "node": ">= 10"
      }
    },
    "node_modules/@next/swc-linux-x64-musl": {
      "version": "14.1.4",
      "resolved": "https://registry.npmjs.org/@next/swc-linux-x64-musl/-/swc-linux-x64-musl-14.1.4.tgz",
      "integrity": "sha512-mqVxTwk4XuBl49qn2A5UmzFImoL1iLm0KQQwtdRJRKl21ylQwwGCxJtIYo2rbfkZHoSKlh/YgztY0qH3wG1xIg==",
      "cpu": [
        "x64"
      ],
      "optional": true,
      "os": [
        "linux"
      ],
      "peer": true,
      "engines": {
        "node": ">= 10"
      }
    },
    "node_modules/@next/swc-win32-arm64-msvc": {
      "version": "14.1.4",
      "resolved": "https://registry.npmjs.org/@next/swc-win32-arm64-msvc/-/swc-win32-arm64-msvc-14.1.4.tgz",
      "integrity": "sha512-xzxF4ErcumXjO2Pvg/wVGrtr9QQJLk3IyQX1ddAC/fi6/5jZCZ9xpuL9Tzc4KPWMFq8GGWFVDMshZOdHGdkvag==",
      "cpu": [
        "arm64"
      ],
      "optional": true,
      "os": [
        "win32"
      ],
      "peer": true,
      "engines": {
        "node": ">= 10"
      }
    },
    "node_modules/@next/swc-win32-ia32-msvc": {
      "version": "14.1.4",
      "resolved": "https://registry.npmjs.org/@next/swc-win32-ia32-msvc/-/swc-win32-ia32-msvc-14.1.4.tgz",
      "integrity": "sha512-WZiz8OdbkpRw6/IU/lredZWKKZopUMhcI2F+XiMAcPja0uZYdMTZQRoQ0WZcvinn9xZAidimE7tN9W5v9Yyfyw==",
      "cpu": [
        "ia32"
      ],
      "optional": true,
      "os": [
        "win32"
      ],
      "peer": true,
      "engines": {
        "node": ">= 10"
      }
    },
    "node_modules/@next/swc-win32-x64-msvc": {
      "version": "14.1.4",
      "cpu": [
        "x64"
      ],
      "license": "MIT",
      "optional": true,
      "os": [
        "win32"
      ],
      "peer": true,
      "engines": {
        "node": ">= 10"
      }
    },
    "node_modules/@panva/hkdf": {
      "version": "1.1.1",
      "license": "MIT",
      "funding": {
        "url": "https://github.com/sponsors/panva"
      }
    },
    "node_modules/@prisma/client": {
      "version": "5.11.0",
      "hasInstallScript": true,
      "license": "Apache-2.0",
      "engines": {
        "node": ">=16.13"
      },
      "peerDependencies": {
        "prisma": "*"
      },
      "peerDependenciesMeta": {
        "prisma": {
          "optional": true
        }
      }
    },
    "node_modules/@prisma/debug": {
      "version": "5.11.0",
      "devOptional": true,
      "license": "Apache-2.0"
    },
    "node_modules/@prisma/engines": {
      "version": "5.11.0",
      "devOptional": true,
      "hasInstallScript": true,
      "license": "Apache-2.0",
      "dependencies": {
        "@prisma/debug": "5.11.0",
        "@prisma/engines-version": "5.11.0-15.efd2449663b3d73d637ea1fd226bafbcf45b3102",
        "@prisma/fetch-engine": "5.11.0",
        "@prisma/get-platform": "5.11.0"
      }
    },
    "node_modules/@prisma/engines-version": {
      "version": "5.11.0-15.efd2449663b3d73d637ea1fd226bafbcf45b3102",
      "devOptional": true,
      "license": "Apache-2.0"
    },
    "node_modules/@prisma/fetch-engine": {
      "version": "5.11.0",
      "devOptional": true,
      "license": "Apache-2.0",
      "dependencies": {
        "@prisma/debug": "5.11.0",
        "@prisma/engines-version": "5.11.0-15.efd2449663b3d73d637ea1fd226bafbcf45b3102",
        "@prisma/get-platform": "5.11.0"
      }
    },
    "node_modules/@prisma/generator-helper": {
      "version": "5.11.0",
      "dev": true,
      "license": "Apache-2.0",
      "dependencies": {
        "@prisma/debug": "5.11.0"
      }
    },
    "node_modules/@prisma/get-platform": {
      "version": "5.11.0",
      "devOptional": true,
      "license": "Apache-2.0",
      "dependencies": {
        "@prisma/debug": "5.11.0"
      }
    },
    "node_modules/@swc/helpers": {
      "version": "0.5.2",
      "license": "Apache-2.0",
      "peer": true,
      "dependencies": {
        "tslib": "^2.4.0"
      }
    },
    "node_modules/@tsconfig/node10": {
      "version": "1.0.10",
      "dev": true,
      "license": "MIT"
    },
    "node_modules/@tsconfig/node12": {
      "version": "1.0.11",
      "dev": true,
      "license": "MIT"
    },
    "node_modules/@tsconfig/node14": {
      "version": "1.0.3",
      "dev": true,
      "license": "MIT"
    },
    "node_modules/@tsconfig/node16": {
      "version": "1.0.4",
      "dev": true,
      "license": "MIT"
    },
    "node_modules/@types/node": {
      "version": "20.11.30",
      "dev": true,
      "license": "MIT",
      "dependencies": {
        "undici-types": "~5.26.4"
      }
    },
    "node_modules/@types/uuid": {
      "version": "9.0.8",
      "dev": true,
      "license": "MIT"
    },
    "node_modules/@types/ws": {
      "version": "8.5.10",
      "dev": true,
      "license": "MIT",
      "dependencies": {
        "@types/node": "*"
      }
    },
    "node_modules/acorn": {
      "version": "8.11.3",
      "dev": true,
      "license": "MIT",
      "bin": {
        "acorn": "bin/acorn"
      },
      "engines": {
        "node": ">=0.4.0"
      }
    },
    "node_modules/acorn-walk": {
      "version": "8.3.2",
      "dev": true,
      "license": "MIT",
      "engines": {
        "node": ">=0.4.0"
      }
    },
    "node_modules/bun-types": {
      "version": "1.0.35",
      "resolved": "https://registry.npmjs.org/bun-types/-/bun-types-1.0.35.tgz",
      "integrity": "sha512-JlFllUCVMZbDyGfbv9dBWXd2tRdZSzyP1EWDKcTTVRViYNYX8AEsfpMN/vu6Hk8CBhKrhbbBkKZcNjJev8QQHQ==",
      "dev": true,
      "dependencies": {
        "@types/node": "~20.11.3",
        "@types/ws": "~8.5.10"
      }
    },
    "node_modules/busboy": {
      "version": "1.6.0",
      "peer": true,
      "dependencies": {
        "streamsearch": "^1.1.0"
      },
      "engines": {
        "node": ">=10.16.0"
      }
    },
    "node_modules/caniuse-lite": {
      "version": "1.0.30001600",
      "funding": [
        {
          "type": "opencollective",
          "url": "https://opencollective.com/browserslist"
        },
        {
          "type": "tidelift",
          "url": "https://tidelift.com/funding/github/npm/caniuse-lite"
        },
        {
          "type": "github",
          "url": "https://github.com/sponsors/ai"
        }
      ],
      "license": "CC-BY-4.0",
      "peer": true
    },
    "node_modules/client-only": {
      "version": "0.0.1",
      "license": "MIT",
      "peer": true
    },
    "node_modules/clsx": {
      "version": "2.1.0",
      "license": "MIT",
      "engines": {
        "node": ">=6"
      }
    },
    "node_modules/code-block-writer": {
      "version": "12.0.0",
      "dev": true,
      "license": "MIT"
    },
    "node_modules/cookie": {
      "version": "0.5.0",
      "license": "MIT",
      "engines": {
        "node": ">= 0.6"
      }
    },
    "node_modules/create-require": {
      "version": "1.1.1",
      "dev": true,
      "license": "MIT"
    },
    "node_modules/csstype": {
      "version": "3.1.3",
      "license": "MIT",
      "peer": true
    },
    "node_modules/diff": {
      "version": "4.0.2",
      "dev": true,
      "license": "BSD-3-Clause",
      "engines": {
        "node": ">=0.3.1"
      }
    },
    "node_modules/goober": {
      "version": "2.1.14",
      "license": "MIT",
      "peerDependencies": {
        "csstype": "^3.0.10"
      }
    },
    "node_modules/graceful-fs": {
      "version": "4.2.11",
      "license": "ISC",
      "peer": true
    },
    "node_modules/jose": {
      "version": "4.15.5",
      "license": "MIT",
      "funding": {
        "url": "https://github.com/sponsors/panva"
      }
    },
    "node_modules/js-tokens": {
      "version": "4.0.0",
      "license": "MIT",
      "peer": true
    },
    "node_modules/kleur": {
      "version": "4.1.5",
      "license": "MIT",
      "engines": {
        "node": ">=6"
      }
    },
    "node_modules/lodash": {
      "version": "4.17.21",
      "resolved": "https://registry.npmjs.org/lodash/-/lodash-4.17.21.tgz",
      "integrity": "sha512-v2kDEe57lecTulaDIuNTPy3Ry4gLGJ6Z1O3vE1krgXZNrsQ+LFTGHVxVjcXPs17LhbZVGedAJv8XZ1tvj5FvSg=="
    },
    "node_modules/loose-envify": {
      "version": "1.4.0",
      "license": "MIT",
      "peer": true,
      "dependencies": {
        "js-tokens": "^3.0.0 || ^4.0.0"
      },
      "bin": {
        "loose-envify": "cli.js"
      }
    },
    "node_modules/make-error": {
      "version": "1.3.6",
      "dev": true,
      "license": "ISC"
    },
    "node_modules/nanoid": {
      "version": "3.3.7",
      "funding": [
        {
          "type": "github",
          "url": "https://github.com/sponsors/ai"
        }
      ],
      "license": "MIT",
      "peer": true,
      "bin": {
        "nanoid": "bin/nanoid.cjs"
      },
      "engines": {
        "node": "^10 || ^12 || ^13.7 || ^14 || >=15.0.1"
      }
    },
    "node_modules/next": {
      "version": "14.1.4",
      "license": "MIT",
      "peer": true,
      "dependencies": {
        "@next/env": "14.1.4",
        "@swc/helpers": "0.5.2",
        "busboy": "1.6.0",
        "caniuse-lite": "^1.0.30001579",
        "graceful-fs": "^4.2.11",
        "postcss": "8.4.31",
        "styled-jsx": "5.1.1"
      },
      "bin": {
        "next": "dist/bin/next"
      },
      "engines": {
        "node": ">=18.17.0"
      },
      "optionalDependencies": {
        "@next/swc-darwin-arm64": "14.1.4",
        "@next/swc-darwin-x64": "14.1.4",
        "@next/swc-linux-arm64-gnu": "14.1.4",
        "@next/swc-linux-arm64-musl": "14.1.4",
        "@next/swc-linux-x64-gnu": "14.1.4",
        "@next/swc-linux-x64-musl": "14.1.4",
        "@next/swc-win32-arm64-msvc": "14.1.4",
        "@next/swc-win32-ia32-msvc": "14.1.4",
        "@next/swc-win32-x64-msvc": "14.1.4"
      },
      "peerDependencies": {
        "@opentelemetry/api": "^1.1.0",
        "react": "^18.2.0",
        "react-dom": "^18.2.0",
        "sass": "^1.3.0"
      },
      "peerDependenciesMeta": {
        "@opentelemetry/api": {
          "optional": true
        },
        "sass": {
          "optional": true
        }
      }
    },
    "node_modules/next-auth": {
      "version": "4.24.7",
      "license": "ISC",
      "dependencies": {
        "@babel/runtime": "^7.20.13",
        "@panva/hkdf": "^1.0.2",
        "cookie": "^0.5.0",
        "jose": "^4.15.5",
        "oauth": "^0.9.15",
        "openid-client": "^5.4.0",
        "preact": "^10.6.3",
        "preact-render-to-string": "^5.1.19",
        "uuid": "^8.3.2"
      },
      "peerDependencies": {
        "next": "^12.2.5 || ^13 || ^14",
        "nodemailer": "^6.6.5",
        "react": "^17.0.2 || ^18",
        "react-dom": "^17.0.2 || ^18"
      },
      "peerDependenciesMeta": {
        "nodemailer": {
          "optional": true
        }
      }
    },
    "node_modules/next-auth/node_modules/uuid": {
      "version": "8.3.2",
      "license": "MIT",
      "bin": {
        "uuid": "dist/bin/uuid"
      }
    },
    "node_modules/next/node_modules/postcss": {
      "version": "8.4.31",
      "funding": [
        {
          "type": "opencollective",
          "url": "https://opencollective.com/postcss/"
        },
        {
          "type": "tidelift",
          "url": "https://tidelift.com/funding/github/npm/postcss"
        },
        {
          "type": "github",
          "url": "https://github.com/sponsors/ai"
        }
      ],
      "license": "MIT",
      "peer": true,
      "dependencies": {
        "nanoid": "^3.3.6",
        "picocolors": "^1.0.0",
        "source-map-js": "^1.0.2"
      },
      "engines": {
        "node": "^10 || ^12 || >=14"
      }
    },
    "node_modules/oauth": {
      "version": "0.9.15",
      "license": "MIT"
    },
    "node_modules/oidc-token-hash": {
      "version": "5.0.3",
      "license": "MIT",
      "engines": {
        "node": "^10.13.0 || >=12.0.0"
      }
    },
    "node_modules/openid-client": {
      "version": "5.6.5",
      "license": "MIT",
      "dependencies": {
        "jose": "^4.15.5",
        "lru-cache": "^6.0.0",
        "object-hash": "^2.2.0",
        "oidc-token-hash": "^5.0.3"
      },
      "funding": {
        "url": "https://github.com/sponsors/panva"
      }
    },
    "node_modules/openid-client/node_modules/lru-cache": {
      "version": "6.0.0",
      "license": "ISC",
      "dependencies": {
        "yallist": "^4.0.0"
      },
      "engines": {
        "node": ">=10"
      }
    },
    "node_modules/openid-client/node_modules/object-hash": {
      "version": "2.2.0",
      "license": "MIT",
      "engines": {
        "node": ">= 6"
      }
    },
    "node_modules/openid-client/node_modules/yallist": {
      "version": "4.0.0",
      "license": "ISC"
    },
    "node_modules/picocolors": {
      "version": "1.0.0",
      "license": "ISC",
      "peer": true
    },
    "node_modules/preact": {
      "version": "10.20.1",
      "license": "MIT",
      "funding": {
        "type": "opencollective",
        "url": "https://opencollective.com/preact"
      }
    },
    "node_modules/preact-render-to-string": {
      "version": "5.2.6",
      "license": "MIT",
      "dependencies": {
        "pretty-format": "^3.8.0"
      },
      "peerDependencies": {
        "preact": ">=10"
      }
    },
    "node_modules/prettier": {
      "version": "3.2.5",
      "dev": true,
      "license": "MIT",
      "bin": {
        "prettier": "bin/prettier.cjs"
      },
      "engines": {
        "node": ">=14"
      },
      "funding": {
        "url": "https://github.com/prettier/prettier?sponsor=1"
      }
    },
    "node_modules/pretty-format": {
      "version": "3.8.0",
      "license": "MIT"
    },
    "node_modules/prisma": {
      "version": "5.11.0",
      "devOptional": true,
      "hasInstallScript": true,
      "license": "Apache-2.0",
      "dependencies": {
        "@prisma/engines": "5.11.0"
      },
      "bin": {
        "prisma": "build/index.js"
      },
      "engines": {
        "node": ">=16.13"
      }
    },
    "node_modules/prisma-markdown": {
      "version": "1.0.9",
      "dev": true,
      "license": "MIT",
      "dependencies": {
        "@prisma/generator-helper": "^5.0.0"
      },
      "bin": {
        "prisma-markdown": "lib/executable/markdown.js"
      },
      "peerDependencies": {
        "@prisma/client": ">= 5.0.0",
        "prisma": ">= 5.0.0"
      }
    },
    "node_modules/react": {
      "version": "18.2.0",
      "license": "MIT",
      "peer": true,
      "dependencies": {
        "loose-envify": "^1.1.0"
      },
      "engines": {
        "node": ">=0.10.0"
      }
    },
    "node_modules/react-dom": {
      "version": "18.2.0",
      "license": "MIT",
      "peer": true,
      "dependencies": {
        "loose-envify": "^1.1.0",
        "scheduler": "^0.23.0"
      },
      "peerDependencies": {
        "react": "^18.2.0"
      }
    },
    "node_modules/react-hot-toast": {
      "version": "2.4.1",
      "license": "MIT",
      "dependencies": {
        "goober": "^2.1.10"
      },
      "engines": {
        "node": ">=10"
      },
      "peerDependencies": {
        "react": ">=16",
        "react-dom": ">=16"
      }
    },
    "node_modules/regenerator-runtime": {
      "version": "0.14.1",
      "license": "MIT"
    },
    "node_modules/scheduler": {
      "version": "0.23.0",
      "license": "MIT",
      "peer": true,
      "dependencies": {
        "loose-envify": "^1.1.0"
      }
    },
    "node_modules/source-map-js": {
      "version": "1.2.0",
      "license": "BSD-3-Clause",
      "peer": true,
      "engines": {
        "node": ">=0.10.0"
      }
    },
    "node_modules/streamsearch": {
      "version": "1.1.0",
      "peer": true,
      "engines": {
        "node": ">=10.0.0"
      }
    },
    "node_modules/styled-jsx": {
      "version": "5.1.1",
      "license": "MIT",
      "peer": true,
      "dependencies": {
        "client-only": "0.0.1"
      },
      "engines": {
        "node": ">= 12.0.0"
      },
      "peerDependencies": {
        "react": ">= 16.8.0 || 17.x.x || ^18.0.0-0"
      },
      "peerDependenciesMeta": {
        "@babel/core": {
          "optional": true
        },
        "babel-plugin-macros": {
          "optional": true
        }
      }
    },
    "node_modules/tailwind-merge": {
      "version": "2.2.2",
      "license": "MIT",
      "dependencies": {
        "@babel/runtime": "^7.24.0"
      },
      "funding": {
        "type": "github",
        "url": "https://github.com/sponsors/dcastil"
      }
    },
    "node_modules/ts-node": {
      "version": "10.9.2",
      "resolved": "https://registry.npmjs.org/ts-node/-/ts-node-10.9.2.tgz",
      "integrity": "sha512-f0FFpIdcHgn8zcPSbf1dRevwt047YMnaiJM3u2w2RewrB+fob/zePZcrOyQoLMMO7aBIddLcQIEK5dYjkLnGrQ==",
      "dev": true,
      "dependencies": {
        "@cspotcode/source-map-support": "^0.8.0",
        "@tsconfig/node10": "^1.0.7",
        "@tsconfig/node12": "^1.0.7",
        "@tsconfig/node14": "^1.0.0",
        "@tsconfig/node16": "^1.0.2",
        "acorn": "^8.4.1",
        "acorn-walk": "^8.1.1",
        "arg": "^4.1.0",
        "create-require": "^1.1.0",
        "diff": "^4.0.1",
        "make-error": "^1.1.1",
        "v8-compile-cache-lib": "^3.0.1",
        "yn": "3.1.1"
      },
      "bin": {
        "ts-node": "dist/bin.js",
        "ts-node-cwd": "dist/bin-cwd.js",
        "ts-node-esm": "dist/bin-esm.js",
        "ts-node-script": "dist/bin-script.js",
        "ts-node-transpile-only": "dist/bin-transpile.js",
        "ts-script": "dist/bin-script-deprecated.js"
      },
      "peerDependencies": {
        "@swc/core": ">=1.2.50",
        "@swc/wasm": ">=1.2.50",
        "@types/node": "*",
        "typescript": ">=2.7"
      },
      "peerDependenciesMeta": {
        "@swc/core": {
          "optional": true
        },
        "@swc/wasm": {
          "optional": true
        }
      }
    },
    "node_modules/ts-node/node_modules/arg": {
      "version": "4.1.3",
      "dev": true,
      "license": "MIT"
    },
    "node_modules/tslib": {
      "version": "2.6.2",
      "license": "0BSD",
      "peer": true
    },
    "node_modules/typescript": {
      "version": "5.4.3",
      "dev": true,
      "license": "Apache-2.0",
      "bin": {
        "tsc": "bin/tsc",
        "tsserver": "bin/tsserver"
      },
      "engines": {
        "node": ">=14.17"
      }
    },
    "node_modules/undici-types": {
      "version": "5.26.5",
      "dev": true,
      "license": "MIT"
    },
    "node_modules/uuid": {
      "version": "9.0.1",
      "funding": [
        "https://github.com/sponsors/broofa",
        "https://github.com/sponsors/ctavan"
      ],
      "license": "MIT",
      "bin": {
        "uuid": "dist/bin/uuid"
      }
    },
    "node_modules/v8-compile-cache-lib": {
      "version": "3.0.1",
      "dev": true,
      "license": "MIT"
    },
    "node_modules/yn": {
      "version": "3.1.1",
      "dev": true,
      "license": "MIT",
      "engines": {
        "node": ">=6"
      }
    },
    "node_modules/zod": {
      "version": "3.22.4",
      "dev": true,
      "license": "MIT",
      "funding": {
        "url": "https://github.com/sponsors/colinhacks"
      }
    },
    "node_modules/zod-prisma-types": {
      "version": "3.1.6",
      "dev": true,
      "license": "MIT",
      "dependencies": {
        "@prisma/generator-helper": "^5.5.2",
        "code-block-writer": "^12.0.0",
        "lodash": "^4.17.21",
        "zod": "^3.22.4"
      },
      "bin": {
        "zod-prisma-types": "dist/bin.js"
      }
    },
    "packages/client": {
      "name": "@ecosync/client"
    },
    "packages/core": {
      "name": "@ecosync/core"
    },
    "packages/cube": {
      "name": "@ecosync/cube"
    },
    "packages/db": {
      "name": "@ecosync/db",
      "hasInstallScript": true,
      "dependencies": {
        "@prisma/client": "^5.11.0"
      },
      "devDependencies": {
        "prisma": "^5.11.0",
        "prisma-markdown": "^1.0.9",
        "ts-node": "^10.9.2",
        "zod-prisma-types": "^3.1.6"
      }
    },
    "packages/logger": {
      "name": "@ecosync/logger",
      "extraneous": true
    },
    "packages/web": {
      "name": "@ecosync/web",
      "version": "0.1.0",
      "extraneous": true,
      "license": "closed",
      "dependencies": {
        "@svgr/webpack": "^8.1.0",
        "@tanstack/react-table": "^8.15.0",
        "bcryptjs": "^2.4.3",
        "chart.js": "^4.4.2",
        "chartjs-adapter-moment": "^1.0.1",
        "chartjs-plugin-datalabels": "^2.2.0",
        "classnames": "^2.5.1",
        "clsx": "^2.1.0",
        "date-fns": "^3.6.0",
        "flowbite-react": "^0.7.5",
        "jsonwebtoken": "^9.0.2",
        "lodash": "^4.17.21",
        "lucide-react": "^0.363.0",
        "next": "14.1.4",
        "next-auth": "^4.24.7",
        "react": "^18",
        "react-dom": "^18",
        "tailwind-merge": "^2.2.2"
      },
      "devDependencies": {
        "@types/bcryptjs": "^2.4.6",
        "@types/jsonwebtoken": "^9.0.6",
        "@types/lodash": "^4.17.0",
        "@types/node": "^20",
        "@types/react": "^18",
        "@types/react-dom": "^18",
        "autoprefixer": "^10.4.19",
        "eslint": "^8",
        "eslint-config-next": "14.1.4",
        "postcss": "^8.4.38",
        "tailwindcss": "^3.4.3",
        "typescript": "^5"
      }
    }
  }
}
